Microsoft Visual Studio Solution File, Format Version 11.00
# Visual Studio 2008

Project("{1BC2C006-ED18-4861-C3D6-E4D3FA231D50}") = "VR-MYO-Tetris", "Assembly-CSharp.csproj", "{BDB03E2A-1799-6185-C6E3-46001A5DFB1D}"
EndProject
Project("{1BC2C006-ED18-4861-C3D6-E4D3FA231D50}") = "VR-MYO-Tetris", "Assembly-CSharp-Editor.csproj", "{A98DB8D1-3EBC-77DE-56D1-8B2CA4CBA66A}"
EndProject
Global
	GlobalSection(SolutionConfigurationPlatforms) = preSolution
		Debug|Any CPU = Debug|Any CPU
		Release|Any CPU = Release|Any CPU
	EndGlobalSection
	GlobalSection(ProjectConfigurationPlatforms) = postSolution
		{BDB03E2A-1799-6185-C6E3-46001A5DFB1D}.Debug|Any CPU.ActiveCfg = Debug|Any CPU
		{BDB03E2A-1799-6185-C6E3-46001A5DFB1D}.Debug|Any CPU.Build.0 = Debug|Any CPU
		{BDB03E2A-1799-6185-C6E3-46001A5DFB1D}.Release|Any CPU.ActiveCfg = Release|Any CPU
		{BDB03E2A-1799-6185-C6E3-46001A5DFB1D}.Release|Any CPU.Build.0 = Release|Any CPU
		{A98DB8D1-3EBC-77DE-56D1-8B2CA4CBA66A}.Debug|Any CPU.ActiveCfg = Debug|Any CPU
		{A98DB8D1-3EBC-77DE-56D1-8B2CA4CBA66A}.Debug|Any CPU.Build.0 = Debug|Any CPU
		{A98DB8D1-3EBC-77DE-56D1-8B2CA4CBA66A}.Release|Any CPU.ActiveCfg = Release|Any CPU
		{A98DB8D1-3EBC-77DE-56D1-8B2CA4CBA66A}.Release|Any CPU.Build.0 = Release|Any CPU
	EndGlobalSection
	GlobalSection(SolutionProperties) = preSolution
		HideSolutionNode = FALSE
	EndGlobalSection
	GlobalSection(MonoDevelopProperties) = preSolution
		StartupItem = Assembly-CSharp.csproj
	EndGlobalSection
EndGlobal
